// !$*UTF8*$!
{
	archiveVersion = 1;
	classes = {
	};
	objectVersion = 55;
	objects = {

/* Begin PBXBuildFile section */
		3BA27A7726F943ED005787F0 /* TesteApp.swift in Sources */ = {isa = PBXBuildFile; fileRef = 3BA27A7626F943ED005787F0 /* TesteApp.swift */; };
		3BA27A7926F943ED005787F0 /* ContentView.swift in Sources */ = {isa = PBXBuildFile; fileRef = 3BA27A7826F943ED005787F0 /* ContentView.swift */; };
		3BA27A7B26F943EF005787F0 /* Assets.xcassets in Resources */ = {isa = PBXBuildFile; fileRef = 3BA27A7A26F943EF005787F0 /* Assets.xcassets */; };
		3BA27A7E26F943EF005787F0 /* Preview Assets.xcassets in Resources */ = {isa = PBXBuildFile; fileRef = 3BA27A7D26F943EF005787F0 /* Preview Assets.xcassets */; };
		3BA27A8826F943EF005787F0 /* TesteTests.swift in Sources */ = {isa = PBXBuildFile; fileRef = 3BA27A8726F943EF005787F0 /* TesteTests.swift */; };
		3BA27A9226F943EF005787F0 /* TesteUITests.swift in Sources */ = {isa = PBXBuildFile; fileRef = 3BA27A9126F943EF005787F0 /* TesteUITests.swift */; };
		3BA27A9426F943EF005787F0 /* TesteUITestsLaunchTests.swift in Sources */ = {isa = PBXBuildFile; fileRef = 3BA27A9326F943EF005787F0 /* TesteUITestsLaunchTests.swift */; };
/* End PBXBuildFile section */

/* Begin PBXContainerItemProxy section */
		3BA27A8426F943EF005787F0 /* PBXContainerItemProxy */ = {
			isa = PBXContainerItemProxy;
			containerPortal = 3BA27A6B26F943ED005787F0 /* Project object */;
			proxyType = 1;
			remoteGlobalIDString = 3BA27A7226F943ED005787F0;
			remoteInfo = Teste;
		};
		3BA27A8E26F943EF005787F0 /* PBXContainerItemProxy */ = {
			isa = PBXContainerItemProxy;
			containerPortal = 3BA27A6B26F943ED005787F0 /* Project object */;
			proxyType = 1;
			remoteGlobalIDString = 3BA27A7226F943ED005787F0;
			remoteInfo = Teste;
		};
/* End PBXContainerItemProxy section */

/* Begin PBXFileReference section */
		3BA27A7326F943ED005787F0 /* Teste.app */ = {isa = PBXFileReference; explicitFileType = wrapper.application; includeInIndex = 0; path = Teste.app; sourceTree = BUILT_PRODUCTS_DIR; };
		3BA27A7626F943ED005787F0 /* TesteApp.swift */ = {isa = PBXFileReference; lastKnownFileType = sourcecode.swift; path = TesteApp.swift; sourceTree = "<group>"; };
		3BA27A7826F943ED005787F0 /* ContentView.swift */ = {isa = PBXFileReference; lastKnownFileType = sourcecode.swift; path = ContentView.swift; sourceTree = "<group>"; };
		3BA27A7A26F943EF005787F0 /* Assets.xcassets */ = {isa = PBXFileReference; lastKnownFileType = folder.assetcatalog; path = Assets.xcassets; sourceTree = "<group>"; };
		3BA27A7D26F943EF005787F0 /* Preview Assets.xcassets */ = {isa = PBXFileReference; lastKnownFileType = folder.assetcatalog; path = "Preview Assets.xcassets"; sourceTree = "<group>"; };
		3BA27A8326F943EF005787F0 /* TesteTests.xctest */ = {isa = PBXFileReference; explicitFileType = wrapper.cfbundle; includeInIndex = 0; path = TesteTests.xctest; sourceTree = BUILT_PRODUCTS_DIR; };
		3BA27A8726F943EF005787F0 /* TesteTests.swift */ = {isa = PBXFileReference; lastKnownFileType = sourcecode.swift; path = TesteTests.swift; sourceTree = "<group>"; };
		3BA27A8D26F943EF005787F0 /* TesteUITests.xctest */ = {isa = PBXFileReference; explicitFileType = wrapper.cfbundle; includeInIndex = 0; path = TesteUITests.xctest; sourceTree = BUILT_PRODUCTS_DIR; };
		3BA27A9126F943EF005787F0 /* TesteUITests.swift */ = {isa = PBXFileReference; lastKnownFileType = sourcecode.swift; path = TesteUITests.swift; sourceTree = "<group>"; };
		3BA27A9326F943EF005787F0 /* TesteUITestsLaunchTests.swift */ = {isa = PBXFileReference; lastKnownFileType = sourcecode.swift; path = TesteUITestsLaunchTests.swift; sourceTree = "<group>"; };
/* End PBXFileReference section */

/* Begin PBXFrameworksBuildPhase section */
		3BA27A7026F943ED005787F0 /* Frameworks */ = {
			isa = PBXFrameworksBuildPhase;
			buildActionMask = 2147483647;
			files = (
			);
			runOnlyForDeploymentPostprocessing = 0;
		};
		3BA27A8026F943EF005787F0 /* Frameworks */ = {
			isa = PBXFrameworksBuildPhase;
			buildActionMask = 2147483647;
			files = (
			);
			runOnlyForDeploymentPostprocessing = 0;
		};
		3BA27A8A26F943EF005787F0 /* Frameworks */ = {
			isa = PBXFrameworksBuildPhase;
			buildActionMask = 2147483647;
			files = (
			);
			runOnlyForDeploymentPostprocessing = 0;
		};
/* End PBXFrameworksBuildPhase section */

/* Begin PBXGroup section */
		3BA27A6A26F943ED005787F0 = {
			isa = PBXGroup;
			children = (
				3BA27A7526F943ED005787F0 /* Teste */,
				3BA27A8626F943EF005787F0 /* TesteTests */,
				3BA27A9026F943EF005787F0 /* TesteUITests */,
				3BA27A7426F943ED005787F0 /* Products */,
			);
			sourceTree = "<group>";
		};
		3BA27A7426F943ED005787F0 /* Products */ = {
			isa = PBXGroup;
			children = (
				3BA27A7326F943ED005787F0 /* Teste.app */,
				3BA27A8326F943EF005787F0 /* TesteTests.xctest */,
				3BA27A8D26F943EF005787F0 /* TesteUITests.xctest */,
			);
			name = Products;
			sourceTree = "<group>";
		};
		3BA27A7526F943ED005787F0 /* Teste */ = {
			isa = PBXGroup;
			children = (
				3BA27A7626F943ED005787F0 /* TesteApp.swift */,
				3BA27A7826F943ED005787F0 /* ContentView.swift */,
				3BA27A7A26F943EF005787F0 /* Assets.xcassets */,
				3BA27A7C26F943EF005787F0 /* Preview Content */,
			);
			path = Teste;
			sourceTree = "<group>";
		};
		3BA27A7C26F943EF005787F0 /* Preview Content */ = {
			isa = PBXGroup;
			children = (
				3BA27A7D26F943EF005787F0 /* Preview Assets.xcassets */,
			);
			path = "Preview Content";
			sourceTree = "<group>";
		};
		3BA27A8626F943EF005787F0 /* TesteTests */ = {
			isa = PBXGroup;
			children = (
				3BA27A8726F943EF005787F0 /* TesteTests.swift */,
			);
			path = TesteTests;
			sourceTree = "<group>";
		};
		3BA27A9026F943EF005787F0 /* TesteUITests */ = {
			isa = PBXGroup;
			children = (
				3BA27A9126F943EF005787F0 /* TesteUITests.swift */,
				3BA27A9326F943EF005787F0 /* TesteUITestsLaunchTests.swift */,
			);
			path = TesteUITests;
			sourceTree = "<group>";
		};
/* End PBXGroup section */

/* Begin PBXNativeTarget section */
		3BA27A7226F943ED005787F0 /* Teste */ = {
			isa = PBXNativeTarget;
			buildConfigurationList = 3BA27A9726F943EF005787F0 /* Build configuration list for PBXNativeTarget "Teste" */;
			buildPhases = (
				3BA27A6F26F943ED005787F0 /* Sources */,
				3BA27A7026F943ED005787F0 /* Frameworks */,
				3BA27A7126F943ED005787F0 /* Resources */,
			);
			buildRules = (
			);
			dependencies = (
			);
			name = Teste;
			productName = Teste;
			productReference = 3BA27A7326F943ED005787F0 /* Teste.app */;
			productType = "com.apple.product-type.application";
		};
		3BA27A8226F943EF005787F0 /* TesteTests */ = {
			isa = PBXNativeTarget;
			buildConfigurationList = 3BA27A9A26F943EF005787F0 /* Build configuration list for PBXNativeTarget "TesteTests" */;
			buildPhases = (
				3BA27A7F26F943EF005787F0 /* Sources */,
				3BA27A8026F943EF005787F0 /* Frameworks */,
				3BA27A8126F943EF005787F0 /* Resources */,
			);
			buildRules = (
			);
			dependencies = (
				3BA27A8526F943EF005787F0 /* PBXTargetDependency */,
			);
			name = TesteTests;
			productName = TesteTests;
			productReference = 3BA27A8326F943EF005787F0 /* TesteTests.xctest */;
			productType = "com.apple.product-type.bundle.unit-test";
		};
		3BA27A8C26F943EF005787F0 /* TesteUITests */ = {
			isa = PBXNativeTarget;
			buildConfigurationList = 3BA27A9D26F943EF005787F0 /* Build configuration list for PBXNativeTarget "TesteUITests" */;
			buildPhases = (
				3BA27A8926F943EF005787F0 /* Sources */,
				3BA27A8A26F943EF005787F0 /* Frameworks */,
				3BA27A8B26F943EF005787F0 /* Resources */,
			);
			buildRules = (
			);
			dependencies = (
				3BA27A8F26F943EF005787F0 /* PBXTargetDependency */,
			);
			name = TesteUITests;
			productName = TesteUITests;
			productReference = 3BA27A8D26F943EF005787F0 /* TesteUITests.xctest */;
			productType = "com.apple.product-type.bundle.ui-testing";
		};
/* End PBXNativeTarget section */

/* Begin PBXProject section */
		3BA27A6B26F943ED005787F0 /* Project object */ = {
			isa = PBXProject;
			attributes = {
				BuildIndependentTargetsInParallel = 1;
				LastSwiftUpdateCheck = 1300;
				LastUpgradeCheck = 1300;
				TargetAttributes = {
					3BA27A7226F943ED005787F0 = {
						CreatedOnToolsVersion = 13.0;
					};
					3BA27A8226F943EF005787F0 = {
						CreatedOnToolsVersion = 13.0;
						TestTargetID = 3BA27A7226F943ED005787F0;
					};
					3BA27A8C26F943EF005787F0 = {
						CreatedOnToolsVersion = 13.0;
						TestTargetID = 3BA27A7226F943ED005787F0;
					};
				};
			};
			buildConfigurationList = 3BA27A6E26F943ED005787F0 /* Build configuration list for PBXProject "Teste" */;
			compatibilityVersion = "Xcode 13.0";
			developmentRegion = en;
			hasScannedForEncodings = 0;
			knownRegions = (
				en,
				Base,
			);
			mainGroup = 3BA27A6A26F943ED005787F0;
			productRefGroup = 3BA27A7426F943ED005787F0 /* Products */;
			projectDirPath = "";
			projectRoot = "";
			targets = (
				3BA27A7226F943ED005787F0 /* Teste */,
				3BA27A8226F943EF005787F0 /* TesteTests */,
				3BA27A8C26F943EF005787F0 /* TesteUITests */,
			);
		};
/* End PBXProject section */

/* Begin PBXResourcesBuildPhase section */
		3BA27A7126F943ED005787F0 /* Resources */ = {
			isa = PBXResourcesBuildPhase;
			buildActionMask = 2147483647;
			files = (
				3BA27A7E26F943EF005787F0 /* Preview Assets.xcassets in Resources */,
				3BA27A7B26F943EF005787F0 /* Assets.xcassets in Resources */,
			);
			runOnlyForDeploymentPostprocessing = 0;
		};
		3BA27A8126F943EF005787F0 /* Resources */ = {
			isa = PBXResourcesBuildPhase;
			buildActionMask = 2147483647;
			files = (
			);
			runOnlyForDeploymentPostprocessing = 0;
		};
		3BA27A8B26F943EF005787F0 /* Resources */ = {
			isa = PBXResourcesBuildPhase;
			buildActionMask = 2147483647;
			files = (
			);
			runOnlyForDeploymentPostprocessing = 0;
		};
/* End PBXResourcesBuildPhase section */

/* Begin PBXSourcesBuildPhase section */
		3BA27A6F26F943ED005787F0 /* Sources */ = {
			isa = PBXSourcesBuildPhase;
			buildActionMask = 2147483647;
			files = (
				3BA27A7926F943ED005787F0 /* ContentView.swift in Sources */,
				3BA27A7726F943ED005787F0 /* TesteApp.swift in Sources */,
			);
			runOnlyForDeploymentPostprocessing = 0;
		};
		3BA27A7F26F943EF005787F0 /* Sources */ = {
			isa = PBXSourcesBuildPhase;
			buildActionMask = 2147483647;
			files = (
				3BA27A8826F943EF005787F0 /* TesteTests.swift in Sources */,
			);
			runOnlyForDeploymentPostprocessing = 0;
		};
		3BA27A8926F943EF005787F0 /* Sources */ = {
			isa = PBXSourcesBuildPhase;
			buildActionMask = 2147483647;
			files = (
				3BA27A9426F943EF005787F0 /* TesteUITestsLaunchTests.swift in Sources */,
				3BA27A9226F943EF005787F0 /* TesteUITests.swift in Sources */,
			);
			runOnlyForDeploymentPostprocessing = 0;
		};
/* End PBXSourcesBuildPhase section */

/* Begin PBXTargetDependency section */
		3BA27A8526F943EF005787F0 /* PBXTargetDependency */ = {
			isa = PBXTargetDependency;
			target = 3BA27A7226F943ED005787F0 /* Teste */;
			targetProxy = 3BA27A8426F943EF005787F0 /* PBXContainerItemProxy */;
		};
		3BA27A8F26F943EF005787F0 /* PBXTargetDependency */ = {
			isa = PBXTargetDependency;
			target = 3BA27A7226F943ED005787F0 /* Teste */;
			targetProxy = 3BA27A8E26F943EF005787F0 /* PBXContainerItemProxy */;
		};
/* End PBXTargetDependency section */

/* Begin XCBuildConfiguration section */
		3BA27A9526F943EF005787F0 /* Debug */ = {
			isa = XCBuildConfiguration;
			buildSettings = {
				ALWAYS_SEARCH_USER_PATHS = NO;
				CLANG_ANALYZER_NONNULL = YES;
				CLANG_ANALYZER_NUMBER_OBJECT_CONVERSION = YES_AGGRESSIVE;
				CLANG_CXX_LANGUAGE_STANDARD = "gnu++17";
				CLANG_CXX_LIBRARY = "libc++";
				CLANG_ENABLE_MODULES = YES;
				CLANG_ENABLE_OBJC_ARC = YES;
				CLANG_ENABLE_OBJC_WEAK = YES;
				CLANG_WARN_BLOCK_CAPTURE_AUTORELEASING = YES;
				CLANG_WARN_BOOL_CONVERSION = YES;
				CLANG_WARN_COMMA = YES;
				CLANG_WARN_CONSTANT_CONVERSION = YES;
				CLANG_WARN_DEPRECATED_OBJC_IMPLEMENTATIONS = YES;
				CLANG_WARN_DIRECT_OBJC_ISA_USAGE = YES_ERROR;
				CLANG_WARN_DOCUMENTATION_COMMENTS = YES;
				CLANG_WARN_EMPTY_BODY = YES;
				CLANG_WARN_ENUM_CONVERSION = YES;
				CLANG_WARN_INFINITE_RECURSION = YES;
				CLANG_WARN_INT_CONVERSION = YES;
				CLANG_WARN_NON_LITERAL_NULL_CONVERSION = YES;
				CLANG_WARN_OBJC_IMPLICIT_RETAIN_SELF = YES;
				CLANG_WARN_OBJC_LITERAL_CONVERSION = YES;
				CLANG_WARN_OBJC_ROOT_CLASS = YES_ERROR;
				CLANG_WARN_QUOTED_INCLUDE_IN_FRAMEWORK_HEADER = YES;
				CLANG_WARN_RANGE_LOOP_ANALYSIS = YES;
				CLANG_WARN_STRICT_PROTOTYPES = YES;
				CLANG_WARN_SUSPICIOUS_MOVE = YES;
				CLANG_WARN_UNGUARDED_AVAILABILITY = YES_AGGRESSIVE;
				CLANG_WARN_UNREACHABLE_CODE = YES;
				CLANG_WARN__DUPLICATE_METHOD_MATCH = YES;
				COPY_PHASE_STRIP = NO;
				DEBUG_INFORMATION_FORMAT = dwarf;
				ENABLE_STRICT_OBJC_MSGSEND = YES;
				ENABLE_TESTABILITY = YES;
				GCC_C_LANGUAGE_STANDARD = gnu11;
				GCC_DYNAMIC_NO_PIC = NO;
				GCC_NO_COMMON_BLOCKS = YES;
				GCC_OPTIMIZATION_LEVEL = 0;
				GCC_PREPROCESSOR_DEFINITIONS = (
					"DEBUG=1",
					"$(inherited)",
				);
				GCC_WARN_64_TO_32_BIT_CONVERSION = YES;
				GCC_WARN_ABOUT_RETURN_TYPE = YES_ERROR;
				GCC_WARN_UNDECLARED_SELECTOR = YES;
				GCC_WARN_UNINITIALIZED_AUTOS = YES_AGGRESSIVE;
				GCC_WARN_UNUSED_FUNCTION = YES;
				GCC_WARN_UNUSED_VARIABLE = YES;
				IPHONEOS_DEPLOYMENT_TARGET = 15.0;
				MTL_ENABLE_DEBUG_INFO = INCLUDE_SOURCE;
				MTL_FAST_MATH = YES;
				ONLY_ACTIVE_ARCH = YES;
				SDKROOT = iphoneos;
				SWIFT_ACTIVE_COMPILATION_CONDITIONS = DEBUG;
				SWIFT_OPTIMIZATION_LEVEL = "-Onone";
			};
			name = Debug;
		};
		3BA27A9626F943EF005787F0 /* Release */ = {
			isa = XCBuildConfiguration;
			buildSettings = {
				ALWAYS_SEARCH_USER_PATHS = NO;
				CLANG_ANALYZER_NONNULL = YES;
				CLANG_ANALYZER_NUMBER_OBJECT_CONVERSION = YES_AGGRESSIVE;
				CLANG_CXX_LANGUAGE_STANDARD = "gnu++17";
				CLANG_CXX_LIBRARY = "libc++";
				CLANG_ENABLE_MODULES = YES;
				CLANG_ENABLE_OBJC_ARC = YES;
				CLANG_ENABLE_OBJC_WEAK = YES;
				CLANG_WARN_BLOCK_CAPTURE_AUTORELEASING = YES;
				CLANG_WARN_BOOL_CONVERSION = YES;
				CLANG_WARN_COMMA = YES;
				CLANG_WARN_CONSTANT_CONVERSION = YES;
				CLANG_WARN_DEPRECATED_OBJC_IMPLEMENTATIONS = YES;
				CLANG_WARN_DIRECT_OBJC_ISA_USAGE = YES_ERROR;
				CLANG_WARN_DOCUMENTATION_COMMENTS = YES;
				CLANG_WARN_EMPTY_BODY = YES;
				CLANG_WARN_ENUM_CONVERSION = YES;
				CLANG_WARN_INFINITE_RECURSION = YES;
				CLANG_WARN_INT_CONVERSION = YES;
				CLANG_WARN_NON_LITERAL_NULL_CONVERSION = YES;
				CLANG_WARN_OBJC_IMPLICIT_RETAIN_SELF = YES;
				CLANG_WARN_OBJC_LITERAL_CONVERSION = YES;
				CLANG_WARN_OBJC_ROOT_CLASS = YES_ERROR;
				CLANG_WARN_QUOTED_INCLUDE_IN_FRAMEWORK_HEADER = YES;
				CLANG_WARN_RANGE_LOOP_ANALYSIS = YES;
				CLANG_WARN_STRICT_PROTOTYPES = YES;
				CLANG_WARN_SUSPICIOUS_MOVE = YES;
				CLANG_WARN_UNGUARDED_AVAILABILITY = YES_AGGRESSIVE;
				CLANG_WARN_UNREACHABLE_CODE = YES;
				CLANG_WARN__DUPLICATE_METHOD_MATCH = YES;
				COPY_PHASE_STRIP = NO;
				DEBUG_INFORMATION_FORMAT = "dwarf-with-dsym";
				ENABLE_NS_ASSERTIONS = NO;
				ENABLE_STRICT_OBJC_MSGSEND = YES;
				GCC_C_LANGUAGE_STANDARD = gnu11;
				GCC_NO_COMMON_BLOCKS = YES;
				GCC_WARN_64_TO_32_BIT_CONVERSION = YES;
				GCC_WARN_ABOUT_RETURN_TYPE = YES_ERROR;
				GCC_WARN_UNDECLARED_SELECTOR = YES;
				GCC_WARN_UNINITIALIZED_AUTOS = YES_AGGRESSIVE;
				GCC_WARN_UNUSED_FUNCTION = YES;
				GCC_WARN_UNUSED_VARIABLE = YES;
				IPHONEOS_DEPLOYMENT_TARGET = 15.0;
				MTL_ENABLE_DEBUG_INFO = NO;
				MTL_FAST_MATH = YES;
				SDKROOT = iphoneos;
				SWIFT_COMPILATION_MODE = wholemodule;
				SWIFT_OPTIMIZATION_LEVEL = "-O";
				VALIDATE_PRODUCT = YES;
			};
			name = Release;
		};
		3BA27A9826F943EF005787F0 /* Debug */ = {
			isa = XCBuildConfiguration;
			buildSettings = {
				ASSETCATALOG_COMPILER_APPICON_NAME = AppIcon;
				ASSETCATALOG_COMPILER_GLOBAL_ACCENT_COLOR_NAME = AccentColor;
				CODE_SIGN_STYLE = Automatic;
				CURRENT_PROJECT_VERSION = 1;
				DEVELOPMENT_ASSET_PATHS = "\"Teste/Preview Content\"";
				DEVELOPMENT_TEAM = 6FU86J57AS;
				ENABLE_PREVIEWS = YES;
				GENERATE_INFOPLIST_FILE = YES;
				INFOPLIST_KEY_UIApplicationSceneManifest_Generation = YES;
				INFOPLIST_KEY_UIApplicationSupportsIndirectInputEvents = YES;
				INFOPLIST_KEY_UILaunchScreen_Generation = YES;
				INFOPLIST_KEY_UISupportedInterfaceOrientations_iPad = "UIInterfaceOrientationPortrait UIInterfaceOrientationPortraitUpsideDown UIInterfaceOrientationLandscapeLeft UIInterfaceOrientationLandscapeRight";
				INFOPLIST_KEY_UISupportedInterfaceOrientations_iPhone = "UIInterfaceOrientationPortrait UIInterfaceOrientationLandscapeLeft UIInterfaceOrientationLandscapeRight";
				IPHONEOS_DEPLOYMENT_TARGET = 14.0;
				LD_RUNPATH_SEARCH_PATHS = (
					"$(inherited)",
					"@executable_path/Frameworks",
				);
				MARKETING_VERSION = 1.0;
				PRODUCT_BUNDLE_IDENTIFIER = vitalsonlorran.Teste;
				PRODUCT_NAME = "$(TARGET_NAME)";
				SWIFT_EMIT_LOC_STRINGS = YES;
				SWIFT_VERSION = 5.0;
				TARGETED_DEVICE_FAMILY = "1,2";
			};
			name = Debug;
		};
		3BA27A9926F943EF005787F0 /* Release */ = {
			isa = XCBuildConfiguration;
			buildSettings = {
				ASSETCATALOG_COMPILER_APPICON_NAME = AppIcon;
				ASSETCATALOG_COMPILER_GLOBAL_ACCENT_COLOR_NAME = AccentColor;
				CODE_SIGN_STYLE = Automatic;
				CURRENT_PROJECT_VERSION = 1;
				DEVELOPMENT_ASSET_PATHS = "\"Teste/Preview Content\"";
				DEVELOPMENT_TEAM = 6FU86J57AS;
				ENABLE_PREVIEWS = YES;
				GENERATE_INFOPLIST_FILE = YES;
				INFOPLIST_KEY_UIApplicationSceneManifest_Generation = YES;
				INFOPLIST_KEY_UIApplicationSupportsIndirectInputEvents = YES;
				INFOPLIST_KEY_UILaunchScreen_Generation = YES;
				INFOPLIST_KEY_UISupportedInterfaceOrientations_iPad = "UIInterfaceOrientationPortrait UIInterfaceOrientationPortraitUpsideDown UIInterfaceOrientationLandscapeLeft UIInterfaceOrientationLandscapeRight";
				INFOPLIST_KEY_UISupportedInterfaceOrientations_iPhone = "UIInterfaceOrientationPortrait UIInterfaceOrientationLandscapeLeft UIInterfaceOrientationLandscapeRight";
				IPHONEOS_DEPLOYMENT_TARGET = 14.0;
				LD_RUNPATH_SEARCH_PATHS = (
					"$(inherited)",
					"@executable_path/Frameworks",
				);
				MARKETING_VERSION = 1.0;
				PRODUCT_BUNDLE_IDENTIFIER = vitalsonlorran.Teste;
				PRODUCT_NAME = "$(TARGET_NAME)";
				SWIFT_EMIT_LOC_STRINGS = YES;
				SWIFT_VERSION = 5.0;
				TARGETED_DEVICE_FAMILY = "1,2";
			};
			name = Release;
		};
		3BA27A9B26F943EF005787F0 /* Debug */ = {
			isa = XCBuildConfiguration;
			buildSettings = {
				ALWAYS_EMBED_SWIFT_STANDARD_LIBRARIES = YES;
				BUNDLE_LOADER = "$(TEST_HOST)";
				CODE_SIGN_STYLE = Automatic;
				CURRENT_PROJECT_VERSION = 1;
				DEVELOPMENT_TEAM = 6FU86J57AS;
				GENERATE_INFOPLIST_FILE = YES;
				IPHONEOS_DEPLOYMENT_TARGET = 14.0;
				LD_RUNPATH_SEARCH_PATHS = (
					"$(inherited)",
					"@executable_path/Frameworks",
					"@loader_path/Frameworks",
				);
				MARKETING_VERSION = 1.0;
				PRODUCT_BUNDLE_IDENTIFIER = vitalsonlorran.TesteTests;
				PRODUCT_NAME = "$(TARGET_NAME)";
				SWIFT_EMIT_LOC_STRINGS = NO;
				SWIFT_VERSION = 5.0;
				TARGETED_DEVICE_FAMILY = "1,2";
				TEST_HOST = "$(BUILT_PRODUCTS_DIR)/Teste.app/Teste";
			};
			name = Debug;
		};
		3BA27A9C26F943EF005787F0 /* Release */ = {
			isa = XCBuildConfiguration;
			buildSettings = {
				ALWAYS_EMBED_SWIFT_STANDARD_LIBRARIES = YES;
				BUNDLE_LOADER = "$(TEST_HOST)";
				CODE_SIGN_STYLE = Automatic;
				CURRENT_PROJECT_VERSION = 1;
				DEVELOPMENT_TEAM = 6FU86J57AS;
				GENERATE_INFOPLIST_FILE = YES;
				IPHONEOS_DEPLOYMENT_TARGET = 14.0;
				LD_RUNPATH_SEARCH_PATHS = (
					"$(inherited)",
					"@executable_path/Frameworks",
					"@loader_path/Frameworks",
				);
				MARKETING_VERSION = 1.0;
				PRODUCT_BUNDLE_IDENTIFIER = vitalsonlorran.TesteTests;
				PRODUCT_NAME = "$(TARGET_NAME)";
				SWIFT_EMIT_LOC_STRINGS = NO;
				SWIFT_VERSION = 5.0;
				TARGETED_DEVICE_FAMILY = "1,2";
				TEST_HOST = "$(BUILT_PRODUCTS_DIR)/Teste.app/Teste";
			};
			name = Release;
		};
		3BA27A9E26F943EF005787F0 /* Debug */ = {
			isa = XCBuildConfiguration;
			buildSettings = {
				ALWAYS_EMBED_SWIFT_STANDARD_LIBRARIES = YES;
				CODE_SIGN_STYLE = Automatic;
				CURRENT_PROJECT_VERSION = 1;
				DEVELOPMENT_TEAM = 6FU86J57AS;
				GENERATE_INFOPLIST_FILE = YES;
				LD_RUNPATH_SEARCH_PATHS = (
					"$(inherited)",
					"@executable_path/Frameworks",
					"@loader_path/Frameworks",
				);
				MARKETING_VERSION = 1.0;
				PRODUCT_BUNDLE_IDENTIFIER = vitalsonlorran.TesteUITests;
				PRODUCT_NAME = "$(TARGET_NAME)";
				SWIFT_EMIT_LOC_STRINGS = NO;
				SWIFT_VERSION = 5.0;
				TARGETED_DEVICE_FAMILY = "1,2";
				TEST_TARGET_NAME = Teste;
			};
			name = Debug;
		};
		3BA27A9F26F943EF005787F0 /* Release */ = {
			isa = XCBuildConfiguration;
			buildSettings = {
				ALWAYS_EMBED_SWIFT_STANDARD_LIBRARIES = YES;
				CODE_SIGN_STYLE = Automatic;
				CURRENT_PROJECT_VERSION = 1;
				DEVELOPMENT_TEAM = 6FU86J57AS;
				GENERATE_INFOPLIST_FILE = YES;
				LD_RUNPATH_SEARCH_PATHS = (
					"$(inherited)",
					"@executable_path/Frameworks",
					"@loader_path/Frameworks",
				);
				MARKETING_VERSION = 1.0;
				PRODUCT_BUNDLE_IDENTIFIER = vitalsonlorran.TesteUITests;
				PRODUCT_NAME = "$(TARGET_NAME)";
				SWIFT_EMIT_LOC_STRINGS = NO;
				SWIFT_VERSION = 5.0;
				TARGETED_DEVICE_FAMILY = "1,2";
				TEST_TARGET_NAME = Teste;
			};
			name = Release;
		};
/* End XCBuildConfiguration section */

/* Begin XCConfigurationList section */
		3BA27A6E26F943ED005787F0 /* Build configuration list for PBXProject "Teste" */ = {
			isa = XCConfigurationList;
			buildConfigurations = (
				3BA27A9526F943EF005787F0 /* Debug */,
				3BA27A9626F943EF005787F0 /* Release */,
			);
			defaultConfigurationIsVisible = 0;
			defaultConfigurationName = Release;
		};
		3BA27A9726F943EF005787F0 /* Build configuration list for PBXNativeTarget "Teste" */ = {
			isa = XCConfigurationList;
			buildConfigurations = (
				3BA27A9826F943EF005787F0 /* Debug */,
				3BA27A9926F943EF005787F0 /* Release */,
			);
			defaultConfigurationIsVisible = 0;
			defaultConfigurationName = Release;
		};
		3BA27A9A26F943EF005787F0 /* Build configuration list for PBXNativeTarget "TesteTests" */ = {
			isa = XCConfigurationList;
			buildConfigurations = (
				3BA27A9B26F943EF005787F0 /* Debug */,
				3BA27A9C26F943EF005787F0 /* Release */,
			);
			defaultConfigurationIsVisible = 0;
			defaultConfigurationName = Release;
		};
		3BA27A9D26F943EF005787F0 /* Build configuration list for PBXNativeTarget "TesteUITests" */ = {
			isa = XCConfigurationList;
			buildConfigurations = (
				3BA27A9E26F943EF005787F0 /* Debug */,
				3BA27A9F26F943EF005787F0 /* Release */,
			);
			defaultConfigurationIsVisible = 0;
			defaultConfigurationName = Release;
		};
/* End XCConfigurationList section */
	};
	rootObject = 3BA27A6B26F943ED005787F0 /* Project object */;
}
